
Microsoft Visual Studio Solution File, Format Version 12.00
# Visual Studio Version 17
VisualStudioVersion = 17.4.33213.308
MinimumVisualStudioVersion = 10.0.40219.1
Project("{9A19103F-16F7-4668-BE54-9A1E7A4F7556}") = "Pravoslavni Crkveni Kalendar", "WpfApp1\Pravoslavni Crkveni Kalendar.csproj", "{413BDE4A-1181-45FF-B40C-7DB4696DE141}"
EndProject
Global
	GlobalSection(SolutionConfigurationPlatforms) = preSolution
		Debug|Any CPU = Debug|Any CPU
		Release|Any CPU = Release|Any CPU
	EndGlobalSection
	GlobalSection(ProjectConfigurationPlatforms) = postSolution
		{413BDE4A-1181-45FF-B40C-7DB4696DE141}.Debug|Any CPU.ActiveCfg = Debug|Any CPU
		{413BDE4A-1181-45FF-B40C-7DB4696DE141}.Debug|Any CPU.Build.0 = Debug|Any CPU
		{413BDE4A-1181-45FF-B40C-7DB4696DE141}.Release|Any CPU.ActiveCfg = Release|Any CPU
		{413BDE4A-1181-45FF-B40C-7DB4696DE141}.Release|Any CPU.Build.0 = Release|Any CPU
	EndGlobalSection
	GlobalSection(SolutionProperties) = preSolution
		HideSolutionNode = FALSE
	EndGlobalSection
	GlobalSection(ExtensibilityGlobals) = postSolution
		SolutionGuid = {BBEAE8FE-92B3-47A5-9D27-2697140CD136}
	EndGlobalSection
EndGlobal
